Microsoft Visual Studio Solution File, Format Version 12.00
# Visual Studio Version 17
VisualStudioVersion = 17.5.2.0
MinimumVisualStudioVersion = 10.0.40219.1
Project("{FAE04EC0-301F-11D3-BF4B-00C04F79EFBC}") = "Q&A Backend", "Q&A Backend.csproj", "{2B7AD663-9A95-AFD0-5601-2988ECE03000}"
EndProject
Global
	GlobalSection(SolutionConfigurationPlatforms) = preSolution
		Debug|Any CPU = Debug|Any CPU
		Release|Any CPU = Release|Any CPU
	EndGlobalSection
	GlobalSection(ProjectConfigurationPlatforms) = postSolution
		{2B7AD663-9A95-AFD0-5601-2988ECE03000}.Debug|Any CPU.ActiveCfg = Debug|Any CPU
		{2B7AD663-9A95-AFD0-5601-2988ECE03000}.Debug|Any CPU.Build.0 = Debug|Any CPU
		{2B7AD663-9A95-AFD0-5601-2988ECE03000}.Release|Any CPU.ActiveCfg = Release|Any CPU
		{2B7AD663-9A95-AFD0-5601-2988ECE03000}.Release|Any CPU.Build.0 = Release|Any CPU
	EndGlobalSection
	GlobalSection(SolutionProperties) = preSolution
		HideSolutionNode = FALSE
	EndGlobalSection
	GlobalSection(ExtensibilityGlobals) = postSolution
		SolutionGuid = {87D419B1-C7E3-4D50-8032-25EEACD3D009}
	EndGlobalSection
EndGlobal
